{
  "name": "dt-predictive-maintenance",
  "lockfileVersion": 3,
  "requires": true,
  "packages": {
    "": {
      "dependencies": {
        "@fontsource/archivo": "^5.1.0"
      }
    },
    "node_modules/@fontsource/archivo": {
      "version": "5.1.0",
      "resolved": "https://registry.npmjs.org/@fontsource/archivo/-/archivo-5.1.0.tgz",
      "integrity": "sha512-zusUDuLRWmNYi5DhaXado+uj9ip8IarqgUdUlXQOrEVVQbN1gpueWy0Qbxnn6DSfEXo2cNneMPlv7MtG+XU8Zg==",
      "license": "OFL-1.1"
    }
  }
}
